
Microsoft Visual Studio Solution File, Format Version 12.00
# Visual Studio Version 16
VisualStudioVersion = 16.0.29709.97
MinimumVisualStudioVersion = 10.0.40219.1
Project("{888888A0-9F3D-457C-B088-3A5042F75D52}") = "BoynerTests", "BoynerTests\BoynerTests.pyproj", "{4801605B-98DD-4CC5-89DB-168345BCC56E}"
EndProject
Global
	GlobalSection(SolutionConfigurationPlatforms) = preSolution
		Debug|Any CPU = Debug|Any CPU
		Release|Any CPU = Release|Any CPU
	EndGlobalSection
	GlobalSection(ProjectConfigurationPlatforms) = postSolution
		{4801605B-98DD-4CC5-89DB-168345BCC56E}.Debug|Any CPU.ActiveCfg = Debug|Any CPU
		{4801605B-98DD-4CC5-89DB-168345BCC56E}.Release|Any CPU.ActiveCfg = Release|Any CPU
	EndGlobalSection
	GlobalSection(SolutionProperties) = preSolution
		HideSolutionNode = FALSE
	EndGlobalSection
	GlobalSection(ExtensibilityGlobals) = postSolution
		SolutionGuid = {38B78CC9-DC62-4E1A-AD02-FDA0D6ABD167}
	EndGlobalSection
EndGlobal
